{
    "requires": true,
    "lockfileVersion": 1,
    "dependencies": {
      "fs": {
        "version": "0.0.1-security",
        "resolved": "https://registry.npmjs.org/fs/-/fs-0.0.1-security.tgz",
        "integrity": "sha1-invTcYa23d84E/I4WLV+yq9eQdQ="
      },
      "http-status-code": {
        "version": "2.1.0",
        "resolved": "https://registry.npmjs.org/http-status-code/-/http-status-code-2.1.0.tgz",
        "integrity": "sha1-Pg3IXqQ2nPTL2xvERH0rQRS9TTo=",
        "requires": {
          "strip-json-comments": "^1.0.2"
        }
      },
      "http-status-codes": {
        "version": "2.1.4",
        "resolved": "https://registry.npmjs.org/http-status-codes/-/http-status-codes-2.1.4.tgz",
        "integrity": "sha512-MZVIsLKGVOVE1KEnldppe6Ij+vmemMuApDfjhVSLzyYP+td0bREEYyAoIw9yFePoBXManCuBqmiNP5FqJS5Xkg=="
      },
      "strip-json-comments": {
        "version": "1.0.4",
        "resolved": "https://registry.npmjs.org/strip-json-comments/-/strip-json-comments-1.0.4.tgz",
        "integrity": "sha1-HhX7ysl9Pumb8tc7TGVrCCu6+5E="
      }
    }
  }